{
  "name": "elm-land-haskell-cafe",
  "lockfileVersion": 3,
  "requires": true,
  "packages": {
    "": {
      "dependencies": {
        "@electric-sql/pglite": "^0.3.14",
        "@github/relative-time-element": "^4.5.0"
      }
    },
    "node_modules/@electric-sql/pglite": {
      "version": "0.3.14",
      "resolved": "https://registry.npmjs.org/@electric-sql/pglite/-/pglite-0.3.14.tgz",
      "integrity": "sha512-3DB258dhqdsArOI1fIt7cb9RpUOgcDg5hXWVgVHAeqVQ/qxtFy605QKs4gx6mFq3jWsSPqDN8TgSEsqC3OfV9Q==",
      "license": "Apache-2.0"
    },
    "node_modules/@github/relative-time-element": {
      "version": "4.5.0",
      "resolved": "https://registry.npmjs.org/@github/relative-time-element/-/relative-time-element-4.5.0.tgz",
      "integrity": "sha512-zKC/tUHeDDdbODBuZh3CkT5pCy41M8mGuUplzhtBMuiEQ5+qY/l/iu0X1IBY/6QhNeP/xdQIVkLYKh2O5En4dg==",
      "license": "MIT"
    }
  }
}
